
Microsoft Visual Studio Solution File, Format Version 12.00
# Visual Studio Version 16
VisualStudioVersion = 16.0.29326.143
MinimumVisualStudioVersion = 10.0.40219.1
Project("{FAE04EC0-301F-11D3-BF4B-00C04F79EFBC}") = "Bloc 5 - Pràctica Troncal A3 dbContext-v2", "Bloc 5 - Pràctica Troncal A3 dbContext-v2\Bloc 5 - Pràctica Troncal A3 dbContext-v2.csproj", "{CC58D855-13F3-4C8F-8551-DFB2B490901C}"
EndProject
Global
	GlobalSection(SolutionConfigurationPlatforms) = preSolution
		Debug|Any CPU = Debug|Any CPU
		Release|Any CPU = Release|Any CPU
	EndGlobalSection
	GlobalSection(ProjectConfigurationPlatforms) = postSolution
		{CC58D855-13F3-4C8F-8551-DFB2B490901C}.Debug|Any CPU.ActiveCfg = Debug|Any CPU
		{CC58D855-13F3-4C8F-8551-DFB2B490901C}.Debug|Any CPU.Build.0 = Debug|Any CPU
		{CC58D855-13F3-4C8F-8551-DFB2B490901C}.Release|Any CPU.ActiveCfg = Release|Any CPU
		{CC58D855-13F3-4C8F-8551-DFB2B490901C}.Release|Any CPU.Build.0 = Release|Any CPU
	EndGlobalSection
	GlobalSection(SolutionProperties) = preSolution
		HideSolutionNode = FALSE
	EndGlobalSection
	GlobalSection(ExtensibilityGlobals) = postSolution
		SolutionGuid = {8C09B3C1-0F3D-4433-BBE8-9A1C61C72376}
	EndGlobalSection
EndGlobal
