
Microsoft Visual Studio Solution File, Format Version 12.00
# Visual Studio Version 16
VisualStudioVersion = 16.0.29326.143
MinimumVisualStudioVersion = 10.0.40219.1
Project("{9A19103F-16F7-4668-BE54-9A1E7A4F7556}") = "Bloc 5- Troncal Entity Class", "Bloc 5- Troncal Entity Class.csproj", "{FBDFA4B7-4471-477C-B6B6-DC6A444F62CA}"
EndProject
Global
	GlobalSection(SolutionConfigurationPlatforms) = preSolution
		Debug|Any CPU = Debug|Any CPU
		Release|Any CPU = Release|Any CPU
	EndGlobalSection
	GlobalSection(ProjectConfigurationPlatforms) = postSolution
		{FBDFA4B7-4471-477C-B6B6-DC6A444F62CA}.Debug|Any CPU.ActiveCfg = Debug|Any CPU
		{FBDFA4B7-4471-477C-B6B6-DC6A444F62CA}.Debug|Any CPU.Build.0 = Debug|Any CPU
		{FBDFA4B7-4471-477C-B6B6-DC6A444F62CA}.Release|Any CPU.ActiveCfg = Release|Any CPU
		{FBDFA4B7-4471-477C-B6B6-DC6A444F62CA}.Release|Any CPU.Build.0 = Release|Any CPU
	EndGlobalSection
	GlobalSection(SolutionProperties) = preSolution
		HideSolutionNode = FALSE
	EndGlobalSection
	GlobalSection(ExtensibilityGlobals) = postSolution
		SolutionGuid = {9A10FA23-DDFC-4C78-96A1-7C4B2F910DA3}
	EndGlobalSection
EndGlobal
